
Microsoft Visual Studio Solution File, Format Version 12.00
# Visual Studio 15
VisualStudioVersion = 15.0.27428.2027
MinimumVisualStudioVersion = 10.0.40219.1
Project("{FAE04EC0-301F-11D3-BF4B-00C04F79EFBC}") = "Lesson1", "Lesson 1\Lesson1.csproj", "{9CD78D93-8F35-400D-A23B-CFE32B54AA9F}"
EndProject
Project("{FAE04EC0-301F-11D3-BF4B-00C04F79EFBC}") = "Lesson2", "Lesson 2\Lesson2.csproj", "{6238A467-E366-4150-9802-335695E1012F}"
EndProject
Project("{FAE04EC0-301F-11D3-BF4B-00C04F79EFBC}") = "Lesson3", "Lesson3\Lesson3.csproj", "{E4F7809B-58AA-4E4E-BE51-19FFE0810360}"
EndProject
Project("{FAE04EC0-301F-11D3-BF4B-00C04F79EFBC}") = "Lesson4", "Lesson4\Lesson4.csproj", "{67B84668-9050-4988-9B42-03C2A97B05FD}"
EndProject
Project("{FAE04EC0-301F-11D3-BF4B-00C04F79EFBC}") = "Lesson5", "Lesson5\Lesson5.csproj", "{8405790C-7827-4981-8178-51A164AA81E0}"
EndProject
Global
	GlobalSection(SolutionConfigurationPlatforms) = preSolution
		Debug|ARM = Debug|ARM
		Debug|x64 = Debug|x64
		Debug|x86 = Debug|x86
		Release|ARM = Release|ARM
		Release|x64 = Release|x64
		Release|x86 = Release|x86
	EndGlobalSection
	GlobalSection(ProjectConfigurationPlatforms) = postSolution
		{9CD78D93-8F35-400D-A23B-CFE32B54AA9F}.Debug|ARM.ActiveCfg = Debug|ARM
		{9CD78D93-8F35-400D-A23B-CFE32B54AA9F}.Debug|ARM.Build.0 = Debug|ARM
		{9CD78D93-8F35-400D-A23B-CFE32B54AA9F}.Debug|ARM.Deploy.0 = Debug|ARM
		{9CD78D93-8F35-400D-A23B-CFE32B54AA9F}.Debug|x64.ActiveCfg = Debug|x64
		{9CD78D93-8F35-400D-A23B-CFE32B54AA9F}.Debug|x64.Build.0 = Debug|x64
		{9CD78D93-8F35-400D-A23B-CFE32B54AA9F}.Debug|x64.Deploy.0 = Debug|x64
		{9CD78D93-8F35-400D-A23B-CFE32B54AA9F}.Debug|x86.ActiveCfg = Debug|x86
		{9CD78D93-8F35-400D-A23B-CFE32B54AA9F}.Debug|x86.Build.0 = Debug|x86
		{9CD78D93-8F35-400D-A23B-CFE32B54AA9F}.Debug|x86.Deploy.0 = Debug|x86
		{9CD78D93-8F35-400D-A23B-CFE32B54AA9F}.Release|ARM.ActiveCfg = Release|ARM
		{9CD78D93-8F35-400D-A23B-CFE32B54AA9F}.Release|ARM.Build.0 = Release|ARM
		{9CD78D93-8F35-400D-A23B-CFE32B54AA9F}.Release|ARM.Deploy.0 = Release|ARM
		{9CD78D93-8F35-400D-A23B-CFE32B54AA9F}.Release|x64.ActiveCfg = Release|x64
		{9CD78D93-8F35-400D-A23B-CFE32B54AA9F}.Release|x64.Build.0 = Release|x64
		{9CD78D93-8F35-400D-A23B-CFE32B54AA9F}.Release|x64.Deploy.0 = Release|x64
		{9CD78D93-8F35-400D-A23B-CFE32B54AA9F}.Release|x86.ActiveCfg = Release|x86
		{9CD78D93-8F35-400D-A23B-CFE32B54AA9F}.Release|x86.Build.0 = Release|x86
		{9CD78D93-8F35-400D-A23B-CFE32B54AA9F}.Release|x86.Deploy.0 = Release|x86
		{6238A467-E366-4150-9802-335695E1012F}.Debug|ARM.ActiveCfg = Debug|ARM
		{6238A467-E366-4150-9802-335695E1012F}.Debug|ARM.Build.0 = Debug|ARM
		{6238A467-E366-4150-9802-335695E1012F}.Debug|ARM.Deploy.0 = Debug|ARM
		{6238A467-E366-4150-9802-335695E1012F}.Debug|x64.ActiveCfg = Debug|x64
		{6238A467-E366-4150-9802-335695E1012F}.Debug|x64.Build.0 = Debug|x64
		{6238A467-E366-4150-9802-335695E1012F}.Debug|x64.Deploy.0 = Debug|x64
		{6238A467-E366-4150-9802-335695E1012F}.Debug|x86.ActiveCfg = Debug|x86
		{6238A467-E366-4150-9802-335695E1012F}.Debug|x86.Build.0 = Debug|x86
		{6238A467-E366-4150-9802-335695E1012F}.Debug|x86.Deploy.0 = Debug|x86
		{6238A467-E366-4150-9802-335695E1012F}.Release|ARM.ActiveCfg = Release|ARM
		{6238A467-E366-4150-9802-335695E1012F}.Release|ARM.Build.0 = Release|ARM
		{6238A467-E366-4150-9802-335695E1012F}.Release|ARM.Deploy.0 = Release|ARM
		{6238A467-E366-4150-9802-335695E1012F}.Release|x64.ActiveCfg = Release|x64
		{6238A467-E366-4150-9802-335695E1012F}.Release|x64.Build.0 = Release|x64
		{6238A467-E366-4150-9802-335695E1012F}.Release|x64.Deploy.0 = Release|x64
		{6238A467-E366-4150-9802-335695E1012F}.Release|x86.ActiveCfg = Release|x86
		{6238A467-E366-4150-9802-335695E1012F}.Release|x86.Build.0 = Release|x86
		{6238A467-E366-4150-9802-335695E1012F}.Release|x86.Deploy.0 = Release|x86
		{E4F7809B-58AA-4E4E-BE51-19FFE0810360}.Debug|ARM.ActiveCfg = Debug|ARM
		{E4F7809B-58AA-4E4E-BE51-19FFE0810360}.Debug|ARM.Build.0 = Debug|ARM
		{E4F7809B-58AA-4E4E-BE51-19FFE0810360}.Debug|ARM.Deploy.0 = Debug|ARM
		{E4F7809B-58AA-4E4E-BE51-19FFE0810360}.Debug|x64.ActiveCfg = Debug|x64
		{E4F7809B-58AA-4E4E-BE51-19FFE0810360}.Debug|x64.Build.0 = Debug|x64
		{E4F7809B-58AA-4E4E-BE51-19FFE0810360}.Debug|x64.Deploy.0 = Debug|x64
		{E4F7809B-58AA-4E4E-BE51-19FFE0810360}.Debug|x86.ActiveCfg = Debug|x86
		{E4F7809B-58AA-4E4E-BE51-19FFE0810360}.Debug|x86.Build.0 = Debug|x86
		{E4F7809B-58AA-4E4E-BE51-19FFE0810360}.Debug|x86.Deploy.0 = Debug|x86
		{E4F7809B-58AA-4E4E-BE51-19FFE0810360}.Release|ARM.ActiveCfg = Release|ARM
		{E4F7809B-58AA-4E4E-BE51-19FFE0810360}.Release|ARM.Build.0 = Release|ARM
		{E4F7809B-58AA-4E4E-BE51-19FFE0810360}.Release|ARM.Deploy.0 = Release|ARM
		{E4F7809B-58AA-4E4E-BE51-19FFE0810360}.Release|x64.ActiveCfg = Release|x64
		{E4F7809B-58AA-4E4E-BE51-19FFE0810360}.Release|x64.Build.0 = Release|x64
		{E4F7809B-58AA-4E4E-BE51-19FFE0810360}.Release|x64.Deploy.0 = Release|x64
		{E4F7809B-58AA-4E4E-BE51-19FFE0810360}.Release|x86.ActiveCfg = Release|x86
		{E4F7809B-58AA-4E4E-BE51-19FFE0810360}.Release|x86.Build.0 = Release|x86
		{E4F7809B-58AA-4E4E-BE51-19FFE0810360}.Release|x86.Deploy.0 = Release|x86
		{67B84668-9050-4988-9B42-03C2A97B05FD}.Debug|ARM.ActiveCfg = Debug|ARM
		{67B84668-9050-4988-9B42-03C2A97B05FD}.Debug|ARM.Build.0 = Debug|ARM
		{67B84668-9050-4988-9B42-03C2A97B05FD}.Debug|ARM.Deploy.0 = Debug|ARM
		{67B84668-9050-4988-9B42-03C2A97B05FD}.Debug|x64.ActiveCfg = Debug|x64
		{67B84668-9050-4988-9B42-03C2A97B05FD}.Debug|x64.Build.0 = Debug|x64
		{67B84668-9050-4988-9B42-03C2A97B05FD}.Debug|x64.Deploy.0 = Debug|x64
		{67B84668-9050-4988-9B42-03C2A97B05FD}.Debug|x86.ActiveCfg = Debug|x86
		{67B84668-9050-4988-9B42-03C2A97B05FD}.Debug|x86.Build.0 = Debug|x86
		{67B84668-9050-4988-9B42-03C2A97B05FD}.Debug|x86.Deploy.0 = Debug|x86
		{67B84668-9050-4988-9B42-03C2A97B05FD}.Release|ARM.ActiveCfg = Release|ARM
		{67B84668-9050-4988-9B42-03C2A97B05FD}.Release|ARM.Build.0 = Release|ARM
		{67B84668-9050-4988-9B42-03C2A97B05FD}.Release|ARM.Deploy.0 = Release|ARM
		{67B84668-9050-4988-9B42-03C2A97B05FD}.Release|x64.ActiveCfg = Release|x64
		{67B84668-9050-4988-9B42-03C2A97B05FD}.Release|x64.Build.0 = Release|x64
		{67B84668-9050-4988-9B42-03C2A97B05FD}.Release|x64.Deploy.0 = Release|x64
		{67B84668-9050-4988-9B42-03C2A97B05FD}.Release|x86.ActiveCfg = Release|x86
		{67B84668-9050-4988-9B42-03C2A97B05FD}.Release|x86.Build.0 = Release|x86
		{67B84668-9050-4988-9B42-03C2A97B05FD}.Release|x86.Deploy.0 = Release|x86
		{8405790C-7827-4981-8178-51A164AA81E0}.Debug|ARM.ActiveCfg = Debug|ARM
		{8405790C-7827-4981-8178-51A164AA81E0}.Debug|ARM.Build.0 = Debug|ARM
		{8405790C-7827-4981-8178-51A164AA81E0}.Debug|ARM.Deploy.0 = Debug|ARM
		{8405790C-7827-4981-8178-51A164AA81E0}.Debug|x64.ActiveCfg = Debug|x64
		{8405790C-7827-4981-8178-51A164AA81E0}.Debug|x64.Build.0 = Debug|x64
		{8405790C-7827-4981-8178-51A164AA81E0}.Debug|x64.Deploy.0 = Debug|x64
		{8405790C-7827-4981-8178-51A164AA81E0}.Debug|x86.ActiveCfg = Debug|x86
		{8405790C-7827-4981-8178-51A164AA81E0}.Debug|x86.Build.0 = Debug|x86
		{8405790C-7827-4981-8178-51A164AA81E0}.Debug|x86.Deploy.0 = Debug|x86
		{8405790C-7827-4981-8178-51A164AA81E0}.Release|ARM.ActiveCfg = Release|ARM
		{8405790C-7827-4981-8178-51A164AA81E0}.Release|ARM.Build.0 = Release|ARM
		{8405790C-7827-4981-8178-51A164AA81E0}.Release|ARM.Deploy.0 = Release|ARM
		{8405790C-7827-4981-8178-51A164AA81E0}.Release|x64.ActiveCfg = Release|x64
		{8405790C-7827-4981-8178-51A164AA81E0}.Release|x64.Build.0 = Release|x64
		{8405790C-7827-4981-8178-51A164AA81E0}.Release|x64.Deploy.0 = Release|x64
		{8405790C-7827-4981-8178-51A164AA81E0}.Release|x86.ActiveCfg = Release|x86
		{8405790C-7827-4981-8178-51A164AA81E0}.Release|x86.Build.0 = Release|x86
		{8405790C-7827-4981-8178-51A164AA81E0}.Release|x86.Deploy.0 = Release|x86
	EndGlobalSection
	GlobalSection(SolutionProperties) = preSolution
		HideSolutionNode = FALSE
	EndGlobalSection
	GlobalSection(ExtensibilityGlobals) = postSolution
		SolutionGuid = {B3AEE4F4-F479-4EDB-B9C2-182D4AEB8503}
	EndGlobalSection
EndGlobal
